
Microsoft Visual Studio Solution File, Format Version 12.00
# Visual Studio 2012
Project("{FAE04EC0-301F-11D3-BF4B-00C04F79EFBC}") = "JsonUpdater", "JsonUpdater\JsonUpdater.csproj", "{BECD53B3-64B8-439B-8176-C3BA746A041E}"
EndProject
Project("{2150E333-8FDC-42A3-9474-1A3956D46DE8}") = "Solution Items", "Solution Items", "{E8322BB3-DB3B-4E21-B440-F7B86EBA9969}"
	ProjectSection(SolutionItems) = preProject
		temp.json = temp.json
	EndProjectSection
EndProject
Global
	GlobalSection(SolutionConfigurationPlatforms) = preSolution
		Debug|Any CPU = Debug|Any CPU
		Release|Any CPU = Release|Any CPU
	EndGlobalSection
	GlobalSection(ProjectConfigurationPlatforms) = postSolution
		{BECD53B3-64B8-439B-8176-C3BA746A041E}.Debug|Any CPU.ActiveCfg = Debug|Any CPU
		{BECD53B3-64B8-439B-8176-C3BA746A041E}.Debug|Any CPU.Build.0 = Debug|Any CPU
		{BECD53B3-64B8-439B-8176-C3BA746A041E}.Release|Any CPU.ActiveCfg = Release|Any CPU
		{BECD53B3-64B8-439B-8176-C3BA746A041E}.Release|Any CPU.Build.0 = Release|Any CPU
	EndGlobalSection
	GlobalSection(SolutionProperties) = preSolution
		HideSolutionNode = FALSE
	EndGlobalSection
EndGlobal
